
Microsoft Visual Studio Solution File, Format Version 12.00
# Visual Studio Version 16
VisualStudioVersion = 16.0.33027.164
MinimumVisualStudioVersion = 10.0.40219.1
Project("{FAE04EC0-301F-11D3-BF4B-00C04F79EFBC}") = "Builder-Method-Design-Pattern", "Builder-Method-Design-Pattern\Builder-Method-Design-Pattern.csproj", "{08754CBB-A1AA-4A7A-B231-10C04B21CFA4}"
EndProject
Global
	GlobalSection(SolutionConfigurationPlatforms) = preSolution
		Debug|Any CPU = Debug|Any CPU
		Release|Any CPU = Release|Any CPU
	EndGlobalSection
	GlobalSection(ProjectConfigurationPlatforms) = postSolution
		{08754CBB-A1AA-4A7A-B231-10C04B21CFA4}.Debug|Any CPU.ActiveCfg = Debug|Any CPU
		{08754CBB-A1AA-4A7A-B231-10C04B21CFA4}.Debug|Any CPU.Build.0 = Debug|Any CPU
		{08754CBB-A1AA-4A7A-B231-10C04B21CFA4}.Release|Any CPU.ActiveCfg = Release|Any CPU
		{08754CBB-A1AA-4A7A-B231-10C04B21CFA4}.Release|Any CPU.Build.0 = Release|Any CPU
	EndGlobalSection
	GlobalSection(SolutionProperties) = preSolution
		HideSolutionNode = FALSE
	EndGlobalSection
	GlobalSection(ExtensibilityGlobals) = postSolution
		SolutionGuid = {FB434C29-78A5-4383-8D09-224595B3847C}
	EndGlobalSection
EndGlobal
